
Microsoft Visual Studio Solution File, Format Version 12.00
# Visual Studio Version 17
VisualStudioVersion = 17.4.33213.308
MinimumVisualStudioVersion = 10.0.40219.1
Project("{FAE04EC0-301F-11D3-BF4B-00C04F79EFBC}") = "ProjectSignalR", "ProjectSignalR.csproj", "{FDC107C8-0091-469F-A435-00189C128231}"
EndProject
Global
	GlobalSection(SolutionConfigurationPlatforms) = preSolution
		Debug|Any CPU = Debug|Any CPU
		Release|Any CPU = Release|Any CPU
	EndGlobalSection
	GlobalSection(ProjectConfigurationPlatforms) = postSolution
		{FDC107C8-0091-469F-A435-00189C128231}.Debug|Any CPU.ActiveCfg = Debug|Any CPU
		{FDC107C8-0091-469F-A435-00189C128231}.Debug|Any CPU.Build.0 = Debug|Any CPU
		{FDC107C8-0091-469F-A435-00189C128231}.Release|Any CPU.ActiveCfg = Release|Any CPU
		{FDC107C8-0091-469F-A435-00189C128231}.Release|Any CPU.Build.0 = Release|Any CPU
	EndGlobalSection
	GlobalSection(SolutionProperties) = preSolution
		HideSolutionNode = FALSE
	EndGlobalSection
	GlobalSection(ExtensibilityGlobals) = postSolution
		SolutionGuid = {264ED02D-BFC2-4901-A89A-EF92EC96106A}
	EndGlobalSection
EndGlobal
